
Microsoft Visual Studio Solution File, Format Version 12.00
# Visual Studio Version 16
VisualStudioVersion = 16.0.29123.88
MinimumVisualStudioVersion = 10.0.40219.1
Project("{FAE04EC0-301F-11D3-BF4B-00C04F79EFBC}") = "ColorBlindMode", "ColorBlindMode\ColorBlindMode.csproj", "{A415FA6F-21BB-4806-9C91-D66F3C3F2264}"
EndProject
Global
	GlobalSection(SolutionConfigurationPlatforms) = preSolution
		Debug|Any CPU = Debug|Any CPU
		Release|Any CPU = Release|Any CPU
	EndGlobalSection
	GlobalSection(ProjectConfigurationPlatforms) = postSolution
		{A415FA6F-21BB-4806-9C91-D66F3C3F2264}.Debug|Any CPU.ActiveCfg = Debug|Any CPU
		{A415FA6F-21BB-4806-9C91-D66F3C3F2264}.Debug|Any CPU.Build.0 = Debug|Any CPU
		{A415FA6F-21BB-4806-9C91-D66F3C3F2264}.Release|Any CPU.ActiveCfg = Release|Any CPU
		{A415FA6F-21BB-4806-9C91-D66F3C3F2264}.Release|Any CPU.Build.0 = Release|Any CPU
	EndGlobalSection
	GlobalSection(SolutionProperties) = preSolution
		HideSolutionNode = FALSE
	EndGlobalSection
	GlobalSection(ExtensibilityGlobals) = postSolution
		SolutionGuid = {46A38E95-9600-457E-988D-7071BF36106A}
	EndGlobalSection
EndGlobal
